
Microsoft Visual Studio Solution File, Format Version 12.00
# Visual Studio 15
VisualStudioVersion = 15.0.27130.2020
MinimumVisualStudioVersion = 10.0.40219.1
Project("{2150E333-8FDC-42A3-9474-1A3956D46DE8}") = "src", "src", "{4CACBB36-FB10-4BB7-99C5-A6548363E566}"
EndProject
Project("{9A19103F-16F7-4668-BE54-9A1E7A4F7556}") = "AspNetCore.Mvc.Unit.Test.Framework.Routing", "src\AspNetCore.Mvc.Unit.Test.Framework.Routing\AspNetCore.Mvc.Unit.Test.Framework.Routing.csproj", "{FDF1A2CA-46D8-41F2-B7AE-B59237C0CA3E}"
EndProject
Project("{2150E333-8FDC-42A3-9474-1A3956D46DE8}") = "sample", "sample", "{506108E3-0532-498E-9094-6BE58E13D382}"
EndProject
Project("{2150E333-8FDC-42A3-9474-1A3956D46DE8}") = "apps", "apps", "{3B60DE99-C01E-4F3A-8449-9A2DBB6A947F}"
EndProject
Project("{2150E333-8FDC-42A3-9474-1A3956D46DE8}") = "tests", "tests", "{AF65F8DD-5147-4E39-B160-727C49A3F99C}"
EndProject
Project("{9A19103F-16F7-4668-BE54-9A1E7A4F7556}") = "MvcApplication.UnitTests", "sample\tests\MvcWebApplication.UnitTests\MvcApplication.UnitTests.csproj", "{29B587AC-614B-4108-B728-1165ECF52CEA}"
EndProject
Project("{2150E333-8FDC-42A3-9474-1A3956D46DE8}") = "aspnet", "aspnet", "{F2A1CFAA-B46F-4699-93F2-86EBC47B9FC6}"
EndProject
Project("{9A19103F-16F7-4668-BE54-9A1E7A4F7556}") = "Microsoft.AspNetCore.Mvc", "..\..\temp\Mvc\src\Microsoft.AspNetCore.Mvc\Microsoft.AspNetCore.Mvc.csproj", "{08BC1558-48F6-4E80-A0BC-6124151A359A}"
EndProject
Project("{9A19103F-16F7-4668-BE54-9A1E7A4F7556}") = "Microsoft.AspNetCore.Mvc.ApiExplorer", "..\..\temp\Mvc\src\Microsoft.AspNetCore.Mvc.ApiExplorer\Microsoft.AspNetCore.Mvc.ApiExplorer.csproj", "{A0A7581C-93E1-4527-ADB8-76F706D36AE8}"
EndProject
Project("{9A19103F-16F7-4668-BE54-9A1E7A4F7556}") = "Microsoft.AspNetCore.Mvc.Core", "..\..\temp\Mvc\src\Microsoft.AspNetCore.Mvc.Core\Microsoft.AspNetCore.Mvc.Core.csproj", "{E962CE6E-BBCC-478C-B9F9-AC706F09E919}"
EndProject
Project("{9A19103F-16F7-4668-BE54-9A1E7A4F7556}") = "Microsoft.AspNetCore.Mvc.Abstractions", "..\..\temp\Mvc\src\Microsoft.AspNetCore.Mvc.Abstractions\Microsoft.AspNetCore.Mvc.Abstractions.csproj", "{A0435689-C8B2-414C-BC38-8BA5DE64E452}"
EndProject
Project("{9A19103F-16F7-4668-BE54-9A1E7A4F7556}") = "Microsoft.AspNetCore.Mvc.Cors", "..\..\temp\Mvc\src\Microsoft.AspNetCore.Mvc.Cors\Microsoft.AspNetCore.Mvc.Cors.csproj", "{97B38889-329E-4916-A9EA-5B8BA94EFA72}"
EndProject
Project("{9A19103F-16F7-4668-BE54-9A1E7A4F7556}") = "Microsoft.AspNetCore.Mvc.DataAnnotations", "..\..\temp\Mvc\src\Microsoft.AspNetCore.Mvc.DataAnnotations\Microsoft.AspNetCore.Mvc.DataAnnotations.csproj", "{6DD48154-FF04-4FD5-8E7D-29FDA0FBCB78}"
EndProject
Project("{9A19103F-16F7-4668-BE54-9A1E7A4F7556}") = "Microsoft.AspNetCore.Mvc.Formatters.Json", "..\..\temp\Mvc\src\Microsoft.AspNetCore.Mvc.Formatters.Json\Microsoft.AspNetCore.Mvc.Formatters.Json.csproj", "{C0A59A0F-6E1F-45EF-A7DD-5872AA67F337}"
EndProject
Project("{9A19103F-16F7-4668-BE54-9A1E7A4F7556}") = "Microsoft.AspNetCore.Mvc.Localization", "..\..\temp\Mvc\src\Microsoft.AspNetCore.Mvc.Localization\Microsoft.AspNetCore.Mvc.Localization.csproj", "{FC5F9EC7-4575-41A4-BC9F-1FB81147A899}"
EndProject
Project("{9A19103F-16F7-4668-BE54-9A1E7A4F7556}") = "Microsoft.AspNetCore.Mvc.Razor", "..\..\temp\Mvc\src\Microsoft.AspNetCore.Mvc.Razor\Microsoft.AspNetCore.Mvc.Razor.csproj", "{791CF570-2833-4B4B-BCA9-222C05CFC71B}"
EndProject
Project("{9A19103F-16F7-4668-BE54-9A1E7A4F7556}") = "Microsoft.AspNetCore.Mvc.ViewFeatures", "..\..\temp\Mvc\src\Microsoft.AspNetCore.Mvc.ViewFeatures\Microsoft.AspNetCore.Mvc.ViewFeatures.csproj", "{2160DFA1-03AB-40A5-9CD3-288273CBCC75}"
EndProject
Project("{9A19103F-16F7-4668-BE54-9A1E7A4F7556}") = "Microsoft.AspNetCore.Mvc.RazorPages", "..\..\temp\Mvc\src\Microsoft.AspNetCore.Mvc.RazorPages\Microsoft.AspNetCore.Mvc.RazorPages.csproj", "{942C569C-C159-4CDF-A78C-EA41BA7D1ADF}"
EndProject
Project("{9A19103F-16F7-4668-BE54-9A1E7A4F7556}") = "Microsoft.AspNetCore.Mvc.TagHelpers", "..\..\temp\Mvc\src\Microsoft.AspNetCore.Mvc.TagHelpers\Microsoft.AspNetCore.Mvc.TagHelpers.csproj", "{1F9D86E4-4DC0-40F9-8582-BC37EA63AC13}"
EndProject
Project("{9A19103F-16F7-4668-BE54-9A1E7A4F7556}") = "Microsoft.Extensions.DependencyInjection", "..\..\temp\DependencyInjection\src\Microsoft.Extensions.DependencyInjection\Microsoft.Extensions.DependencyInjection.csproj", "{4BA98FA2-63E3-4947-806A-8D0F165B90CB}"
EndProject
Project("{9A19103F-16F7-4668-BE54-9A1E7A4F7556}") = "Microsoft.Extensions.DependencyInjection.Abstractions", "..\..\temp\DependencyInjection\src\Microsoft.Extensions.DependencyInjection.Abstractions\Microsoft.Extensions.DependencyInjection.Abstractions.csproj", "{CD94F8F3-17BE-47F6-A798-1E4EA2C3DF2F}"
EndProject
Project("{9A19103F-16F7-4668-BE54-9A1E7A4F7556}") = "Microsoft.AspNetCore.Hosting", "..\..\temp\Hosting\src\Microsoft.AspNetCore.Hosting\Microsoft.AspNetCore.Hosting.csproj", "{D4244E52-B35A-44C1-B9C1-36474C8D40A4}"
EndProject
Project("{9A19103F-16F7-4668-BE54-9A1E7A4F7556}") = "Microsoft.AspNetCore.Hosting.Abstractions", "..\..\temp\Hosting\src\Microsoft.AspNetCore.Hosting.Abstractions\Microsoft.AspNetCore.Hosting.Abstractions.csproj", "{1E53EB53-528B-4886-BA48-99D80B9DF1E0}"
EndProject
Project("{9A19103F-16F7-4668-BE54-9A1E7A4F7556}") = "Microsoft.AspNetCore.Hosting.Server.Abstractions", "..\..\temp\Hosting\src\Microsoft.AspNetCore.Hosting.Server.Abstractions\Microsoft.AspNetCore.Hosting.Server.Abstractions.csproj", "{B5FFA69E-5037-4A5D-859A-327A78638BCF}"
EndProject
Project("{9A19103F-16F7-4668-BE54-9A1E7A4F7556}") = "Microsoft.Extensions.Hosting.Abstractions", "..\..\temp\Hosting\src\Microsoft.Extensions.Hosting.Abstractions\Microsoft.Extensions.Hosting.Abstractions.csproj", "{0202F5D4-8914-4A1D-A1F7-EF6CC10AFCAD}"
EndProject
Project("{9A19103F-16F7-4668-BE54-9A1E7A4F7556}") = "Microsoft.AspNetCore", "aspnet\Microsoft.AspNetCore\Microsoft.AspNetCore.csproj", "{0234FC14-5290-4A91-84F0-A214B710F37B}"
EndProject
Project("{9A19103F-16F7-4668-BE54-9A1E7A4F7556}") = "Microsoft.AspNetCore.Diagnostics", "..\..\temp\Diagnostics\src\Microsoft.AspNetCore.Diagnostics\Microsoft.AspNetCore.Diagnostics.csproj", "{6C96B67B-EBD7-4EED-84A9-B09928BC3FF9}"
EndProject
Project("{9A19103F-16F7-4668-BE54-9A1E7A4F7556}") = "Microsoft.AspNetCore.Diagnostics.Abstractions", "..\..\temp\Diagnostics\src\Microsoft.AspNetCore.Diagnostics.Abstractions\Microsoft.AspNetCore.Diagnostics.Abstractions.csproj", "{D9C4E95A-2A04-4505-89EE-0729C20E2719}"
EndProject
Project("{9A19103F-16F7-4668-BE54-9A1E7A4F7556}") = "Microsoft.AspNetCore.Routing", "..\..\temp\Routing\src\Microsoft.AspNetCore.Routing\Microsoft.AspNetCore.Routing.csproj", "{27F02252-36A8-4CA6-A3F4-42BDBAE359AE}"
EndProject
Project("{9A19103F-16F7-4668-BE54-9A1E7A4F7556}") = "Microsoft.AspNetCore.Routing.Abstractions", "..\..\temp\Routing\src\Microsoft.AspNetCore.Routing.Abstractions\Microsoft.AspNetCore.Routing.Abstractions.csproj", "{B95DAF99-8632-4D43-8AC2-92658818EDD2}"
EndProject
Project("{9A19103F-16F7-4668-BE54-9A1E7A4F7556}") = "Microsoft.AspNetCore.Server.Kestrel", "..\..\temp\KestrelHttpServer\src\Microsoft.AspNetCore.Server.Kestrel\Microsoft.AspNetCore.Server.Kestrel.csproj", "{60997549-CE44-4AC9-8EB1-223870BF8CA8}"
EndProject
Project("{9A19103F-16F7-4668-BE54-9A1E7A4F7556}") = "Microsoft.AspNetCore.Server.Kestrel.Core", "..\..\temp\KestrelHttpServer\src\Microsoft.AspNetCore.Server.Kestrel.Core\Microsoft.AspNetCore.Server.Kestrel.Core.csproj", "{115FD2C1-521A-42CE-9D6D-BE1BA7E85574}"
EndProject
Project("{9A19103F-16F7-4668-BE54-9A1E7A4F7556}") = "Microsoft.AspNetCore.Server.Kestrel.Transport.Abstractions", "..\..\temp\KestrelHttpServer\src\Microsoft.AspNetCore.Server.Kestrel.Transport.Abstractions\Microsoft.AspNetCore.Server.Kestrel.Transport.Abstractions.csproj", "{ABED1CE8-3F1F-49E3-AB2C-1A06ADD5CE4C}"
EndProject
Project("{9A19103F-16F7-4668-BE54-9A1E7A4F7556}") = "Microsoft.AspNetCore.Server.Kestrel.Transport.Libuv", "..\..\temp\KestrelHttpServer\src\Microsoft.AspNetCore.Server.Kestrel.Transport.Libuv\Microsoft.AspNetCore.Server.Kestrel.Transport.Libuv.csproj", "{0236DB78-00CC-453B-A388-28E328B87563}"
EndProject
Project("{9A19103F-16F7-4668-BE54-9A1E7A4F7556}") = "Microsoft.AspNetCore.Server.Kestrel.Https", "..\..\temp\KestrelHttpServer\src\Microsoft.AspNetCore.Server.Kestrel.Https\Microsoft.AspNetCore.Server.Kestrel.Https.csproj", "{D1CB8DA9-45C5-4E43-9320-AB212A4C769F}"
EndProject
Project("{9A19103F-16F7-4668-BE54-9A1E7A4F7556}") = "Microsoft.Extensions.Logging", "..\..\temp\Logging\src\Microsoft.Extensions.Logging\Microsoft.Extensions.Logging.csproj", "{A5FCD042-4C0A-40A8-86BA-D0BD0F33DCEE}"
EndProject
Project("{9A19103F-16F7-4668-BE54-9A1E7A4F7556}") = "Microsoft.Extensions.Logging.Abstractions", "..\..\temp\Logging\src\Microsoft.Extensions.Logging.Abstractions\Microsoft.Extensions.Logging.Abstractions.csproj", "{690B94DB-3C00-4BEC-A49D-C801980E9F69}"
EndProject
Project("{9A19103F-16F7-4668-BE54-9A1E7A4F7556}") = "Microsoft.Extensions.Logging.Configuration", "..\..\temp\Logging\src\Microsoft.Extensions.Logging.Configuration\Microsoft.Extensions.Logging.Configuration.csproj", "{422526B8-5AB4-4996-BC94-EB97A6D6F872}"
EndProject
Project("{9A19103F-16F7-4668-BE54-9A1E7A4F7556}") = "Microsoft.Extensions.Logging.Console", "..\..\temp\Logging\src\Microsoft.Extensions.Logging.Console\Microsoft.Extensions.Logging.Console.csproj", "{E528A241-962D-47F0-98AE-44430B275EAD}"
EndProject
Project("{9A19103F-16F7-4668-BE54-9A1E7A4F7556}") = "Microsoft.Extensions.Logging.Debug", "..\..\temp\Logging\src\Microsoft.Extensions.Logging.Debug\Microsoft.Extensions.Logging.Debug.csproj", "{0345D25E-8DBE-4D9D-8BBC-C0FF2D594BFC}"
EndProject
Project("{9A19103F-16F7-4668-BE54-9A1E7A4F7556}") = "Microsoft.Extensions.Configuration.CommandLine", "..\..\temp\Configuration\src\Microsoft.Extensions.Configuration.CommandLine\Microsoft.Extensions.Configuration.CommandLine.csproj", "{23675EB0-31C0-4A2F-A1C5-5E8A4D43AB39}"
EndProject
Project("{9A19103F-16F7-4668-BE54-9A1E7A4F7556}") = "Microsoft.Extensions.Configuration", "..\..\temp\Configuration\src\Microsoft.Extensions.Configuration\Microsoft.Extensions.Configuration.csproj", "{D573E65C-9A76-4B3B-B077-A22B908ED4DB}"
EndProject
Project("{9A19103F-16F7-4668-BE54-9A1E7A4F7556}") = "Microsoft.Extensions.Configuration.Abstractions", "..\..\temp\Configuration\src\Microsoft.Extensions.Configuration.Abstractions\Microsoft.Extensions.Configuration.Abstractions.csproj", "{B251B985-EA2C-4FE2-A714-49B7758BDC01}"
EndProject
Project("{9A19103F-16F7-4668-BE54-9A1E7A4F7556}") = "Microsoft.Extensions.Configuration.EnvironmentVariables", "..\..\temp\Configuration\src\Microsoft.Extensions.Configuration.EnvironmentVariables\Microsoft.Extensions.Configuration.EnvironmentVariables.csproj", "{9C436275-AA5B-42A4-A460-3AE1F779C266}"
EndProject
Project("{9A19103F-16F7-4668-BE54-9A1E7A4F7556}") = "Microsoft.Extensions.Configuration.FileExtensions", "..\..\temp\Configuration\src\Microsoft.Extensions.Configuration.FileExtensions\Microsoft.Extensions.Configuration.FileExtensions.csproj", "{AB27CBA2-ED76-4BDA-A99B-096722D3A3FB}"
EndProject
Project("{9A19103F-16F7-4668-BE54-9A1E7A4F7556}") = "Microsoft.Extensions.Configuration.Json", "..\..\temp\Configuration\src\Microsoft.Extensions.Configuration.Json\Microsoft.Extensions.Configuration.Json.csproj", "{7D456276-4A15-47BF-9E21-10BE9D59A474}"
EndProject
Project("{9A19103F-16F7-4668-BE54-9A1E7A4F7556}") = "Microsoft.Extensions.Configuration.UserSecrets", "..\..\temp\Configuration\src\Microsoft.Extensions.Configuration.UserSecrets\Microsoft.Extensions.Configuration.UserSecrets.csproj", "{985BBECD-329B-447C-8AFE-A5948BE4502F}"
EndProject
Project("{9A19103F-16F7-4668-BE54-9A1E7A4F7556}") = "Microsoft.AspNetCore.Http.Features", "..\..\temp\HttpAbstractions\src\Microsoft.AspNetCore.Http.Features\Microsoft.AspNetCore.Http.Features.csproj", "{03C1EECA-1A75-4CD7-BEA0-D87351D5B3C0}"
EndProject
Project("{9A19103F-16F7-4668-BE54-9A1E7A4F7556}") = "Microsoft.AspNetCore.Http", "..\..\temp\HttpAbstractions\src\Microsoft.AspNetCore.Http\Microsoft.AspNetCore.Http.csproj", "{35C19375-C306-4DDD-913A-9474667DE65A}"
EndProject
Project("{9A19103F-16F7-4668-BE54-9A1E7A4F7556}") = "Microsoft.AspNetCore.Http.Abstractions", "..\..\temp\HttpAbstractions\src\Microsoft.AspNetCore.Http.Abstractions\Microsoft.AspNetCore.Http.Abstractions.csproj", "{E9E58B9C-D928-4B5C-BBAC-8517CC5E2F10}"
EndProject
Project("{9A19103F-16F7-4668-BE54-9A1E7A4F7556}") = "Microsoft.AspNetCore.WebUtilities", "..\..\temp\HttpAbstractions\src\Microsoft.AspNetCore.WebUtilities\Microsoft.AspNetCore.WebUtilities.csproj", "{08818C94-B0D6-40E5-8C1A-CA3F66F34FF6}"
EndProject
Project("{9A19103F-16F7-4668-BE54-9A1E7A4F7556}") = "Microsoft.Net.Http.Headers", "..\..\temp\HttpAbstractions\src\Microsoft.Net.Http.Headers\Microsoft.Net.Http.Headers.csproj", "{80C1AB09-5CB2-46FB-A2A8-80EE274917D9}"
EndProject
Project("{9A19103F-16F7-4668-BE54-9A1E7A4F7556}") = "Microsoft.AspNetCore.Http.Extensions", "..\..\temp\HttpAbstractions\src\Microsoft.AspNetCore.Http.Extensions\Microsoft.AspNetCore.Http.Extensions.csproj", "{7E1C491D-E8B2-413D-9C75-F55F51431C94}"
EndProject
Project("{9A19103F-16F7-4668-BE54-9A1E7A4F7556}") = "Microsoft.Extensions.Options.ConfigurationExtensions", "..\..\temp\Options\src\Microsoft.Extensions.Options.ConfigurationExtensions\Microsoft.Extensions.Options.ConfigurationExtensions.csproj", "{E2338373-AA50-4F7F-8902-A18EEDF6BCB0}"
EndProject
Project("{9A19103F-16F7-4668-BE54-9A1E7A4F7556}") = "Microsoft.Extensions.Options", "..\..\temp\Options\src\Microsoft.Extensions.Options\Microsoft.Extensions.Options.csproj", "{F0D1742C-E3C0-44CA-81F8-8355CF1C2C2F}"
EndProject
Project("{9A19103F-16F7-4668-BE54-9A1E7A4F7556}") = "Microsoft.Extensions.Configuration.Binder", "..\..\temp\Configuration\src\Microsoft.Extensions.Configuration.Binder\Microsoft.Extensions.Configuration.Binder.csproj", "{E6B29D8C-483F-453A-A3ED-59DAF6C7F0D8}"
EndProject
Project("{9A19103F-16F7-4668-BE54-9A1E7A4F7556}") = "Microsoft.AspNetCore.Antiforgery", "..\..\temp\Antiforgery\src\Microsoft.AspNetCore.Antiforgery\Microsoft.AspNetCore.Antiforgery.csproj", "{72D40975-9B76-4523-B013-99D9902F232A}"
EndProject
Project("{9A19103F-16F7-4668-BE54-9A1E7A4F7556}") = "Microsoft.AspNetCore.DataProtection", "..\..\temp\DataProtection\src\Microsoft.AspNetCore.DataProtection\Microsoft.AspNetCore.DataProtection.csproj", "{3B4524EE-8798-43B3-99B1-23EAA697066D}"
EndProject
Project("{9A19103F-16F7-4668-BE54-9A1E7A4F7556}") = "Microsoft.AspNetCore.Cryptography.Internal", "..\..\temp\DataProtection\src\Microsoft.AspNetCore.Cryptography.Internal\Microsoft.AspNetCore.Cryptography.Internal.csproj", "{3B372E21-5F5E-4AA2-8F6F-90CC6F309A1F}"
EndProject
Project("{9A19103F-16F7-4668-BE54-9A1E7A4F7556}") = "Microsoft.AspNetCore.DataProtection.Abstractions", "..\..\temp\DataProtection\src\Microsoft.AspNetCore.DataProtection.Abstractions\Microsoft.AspNetCore.DataProtection.Abstractions.csproj", "{0EAB6F50-2F7B-4DDE-B80A-9991BFFED4C7}"
EndProject
Project("{9A19103F-16F7-4668-BE54-9A1E7A4F7556}") = "Microsoft.Extensions.WebEncoders", "..\..\temp\HtmlAbstractions\src\Microsoft.Extensions.WebEncoders\Microsoft.Extensions.WebEncoders.csproj", "{A99A557E-CAA2-4C14-8855-D6C0AB0BDA87}"
EndProject
Project("{9A19103F-16F7-4668-BE54-9A1E7A4F7556}") = "Microsoft.Extensions.Caching.Memory", "..\..\temp\Caching\src\Microsoft.Extensions.Caching.Memory\Microsoft.Extensions.Caching.Memory.csproj", "{1911A0D8-9476-4F8A-9F59-45FCA2AF1305}"
EndProject
Project("{9A19103F-16F7-4668-BE54-9A1E7A4F7556}") = "Microsoft.AspNetCore.Razor.Runtime", "..\..\temp\Razor\src\Microsoft.AspNetCore.Razor.Runtime\Microsoft.AspNetCore.Razor.Runtime.csproj", "{B4161702-55BC-43A0-95C1-3E4B3F015B05}"
EndProject
Project("{9A19103F-16F7-4668-BE54-9A1E7A4F7556}") = "Microsoft.AspNetCore.Html.Abstractions", "..\..\temp\HtmlAbstractions\src\Microsoft.AspNetCore.Html.Abstractions\Microsoft.AspNetCore.Html.Abstractions.csproj", "{D180C9E8-B490-4EAF-A921-2DA2A6741670}"
EndProject
Project("{9A19103F-16F7-4668-BE54-9A1E7A4F7556}") = "Microsoft.AspNetCore.Razor", "..\..\temp\Razor\src\Microsoft.AspNetCore.Razor\Microsoft.AspNetCore.Razor.csproj", "{E5B751ED-FE1C-4563-BE5F-97C8D07DD3B0}"
EndProject
Project("{9A19103F-16F7-4668-BE54-9A1E7A4F7556}") = "Microsoft.Extensions.Caching.Abstractions", "..\..\temp\Caching\src\Microsoft.Extensions.Caching.Abstractions\Microsoft.Extensions.Caching.Abstractions.csproj", "{9C116F78-38B1-4019-938A-5D7CF9764F6E}"
EndProject
Project("{9A19103F-16F7-4668-BE54-9A1E7A4F7556}") = "Microsoft.AspNetCore.Mvc.Razor.Extensions", "..\..\temp\Razor\src\Microsoft.AspNetCore.Mvc.Razor.Extensions\Microsoft.AspNetCore.Mvc.Razor.Extensions.csproj", "{789778E6-FF19-4648-ABD2-FCCD05F1FFB6}"
EndProject
Project("{9A19103F-16F7-4668-BE54-9A1E7A4F7556}") = "Microsoft.AspNetCore.Razor.Language", "..\..\temp\Razor\src\Microsoft.AspNetCore.Razor.Language\Microsoft.AspNetCore.Razor.Language.csproj", "{34BB014E-AB10-4EDC-BF46-A963B431CC06}"
EndProject
Project("{9A19103F-16F7-4668-BE54-9A1E7A4F7556}") = "Microsoft.CodeAnalysis.Razor", "..\..\temp\Razor\src\Microsoft.CodeAnalysis.Razor\Microsoft.CodeAnalysis.Razor.csproj", "{1A4E915A-B4DF-4176-9D9D-01CA99AD3828}"
EndProject
Project("{9A19103F-16F7-4668-BE54-9A1E7A4F7556}") = "Microsoft.Extensions.Localization", "..\..\temp\Localization\src\Microsoft.Extensions.Localization\Microsoft.Extensions.Localization.csproj", "{28A96CFE-3804-4590-9678-506F6F50A933}"
EndProject
Project("{9A19103F-16F7-4668-BE54-9A1E7A4F7556}") = "Microsoft.Extensions.Localization.Abstractions", "..\..\temp\Localization\src\Microsoft.Extensions.Localization.Abstractions\Microsoft.Extensions.Localization.Abstractions.csproj", "{469C3E01-D1A3-4FD8-82B3-1C4567AEA328}"
EndProject
Project("{9A19103F-16F7-4668-BE54-9A1E7A4F7556}") = "Microsoft.AspNetCore.Localization.Routing", "..\..\temp\Localization\src\Microsoft.AspNetCore.Localization.Routing\Microsoft.AspNetCore.Localization.Routing.csproj", "{1AFD317C-1BA5-437A-BEA2-ACBB1F67C303}"
EndProject
Project("{9A19103F-16F7-4668-BE54-9A1E7A4F7556}") = "Microsoft.AspNetCore.Localization", "..\..\temp\Localization\src\Microsoft.AspNetCore.Localization\Microsoft.AspNetCore.Localization.csproj", "{11AE99C3-35B7-41EA-A0C5-7B893FF0DBF9}"
EndProject
Project("{9A19103F-16F7-4668-BE54-9A1E7A4F7556}") = "Microsoft.AspNetCore.Cors", "..\..\temp\CORS\src\Microsoft.AspNetCore.Cors\Microsoft.AspNetCore.Cors.csproj", "{CA68286C-AB0F-4923-B867-58409A6B3A91}"
EndProject
Project("{9A19103F-16F7-4668-BE54-9A1E7A4F7556}") = "Microsoft.AspNetCore.Authorization.Policy", "..\..\temp\Security\src\Microsoft.AspNetCore.Authorization.Policy\Microsoft.AspNetCore.Authorization.Policy.csproj", "{C7629F11-ED79-467F-A387-4645134399BF}"
EndProject
Project("{9A19103F-16F7-4668-BE54-9A1E7A4F7556}") = "Microsoft.AspNetCore.Authorization", "..\..\temp\Security\src\Microsoft.AspNetCore.Authorization\Microsoft.AspNetCore.Authorization.csproj", "{E7E3A81D-B16A-48EE-AF03-0E10F589AD06}"
EndProject
Project("{9A19103F-16F7-4668-BE54-9A1E7A4F7556}") = "Microsoft.AspNetCore.Authentication.Abstractions", "..\..\temp\HttpAbstractions\src\Microsoft.AspNetCore.Authentication.Abstractions\Microsoft.AspNetCore.Authentication.Abstractions.csproj", "{E705C307-15D8-4E20-A9D1-92EF1636460C}"
EndProject
Project("{9A19103F-16F7-4668-BE54-9A1E7A4F7556}") = "Microsoft.AspNetCore.Authentication.Core", "..\..\temp\HttpAbstractions\src\Microsoft.AspNetCore.Authentication.Core\Microsoft.AspNetCore.Authentication.Core.csproj", "{01D0BCF2-5B0C-4342-A23F-E3185CBCFD17}"
EndProject
Project("{9A19103F-16F7-4668-BE54-9A1E7A4F7556}") = "MvcApplication", "sample\apps\MvcApplication\MvcApplication.csproj", "{CF984CD8-6BBA-4BCC-8494-8670113B2E2F}"
EndProject
Global
	GlobalSection(SolutionConfigurationPlatforms) = preSolution
		Debug|Any CPU = Debug|Any CPU
		Release|Any CPU = Release|Any CPU
	EndGlobalSection
	GlobalSection(ProjectConfigurationPlatforms) = postSolution
		{FDF1A2CA-46D8-41F2-B7AE-B59237C0CA3E}.Debug|Any CPU.ActiveCfg = Debug|Any CPU
		{FDF1A2CA-46D8-41F2-B7AE-B59237C0CA3E}.Debug|Any CPU.Build.0 = Debug|Any CPU
		{FDF1A2CA-46D8-41F2-B7AE-B59237C0CA3E}.Release|Any CPU.ActiveCfg = Release|Any CPU
		{FDF1A2CA-46D8-41F2-B7AE-B59237C0CA3E}.Release|Any CPU.Build.0 = Release|Any CPU
		{29B587AC-614B-4108-B728-1165ECF52CEA}.Debug|Any CPU.ActiveCfg = Debug|Any CPU
		{29B587AC-614B-4108-B728-1165ECF52CEA}.Debug|Any CPU.Build.0 = Debug|Any CPU
		{29B587AC-614B-4108-B728-1165ECF52CEA}.Release|Any CPU.ActiveCfg = Release|Any CPU
		{29B587AC-614B-4108-B728-1165ECF52CEA}.Release|Any CPU.Build.0 = Release|Any CPU
		{08BC1558-48F6-4E80-A0BC-6124151A359A}.Debug|Any CPU.ActiveCfg = Debug|Any CPU
		{08BC1558-48F6-4E80-A0BC-6124151A359A}.Debug|Any CPU.Build.0 = Debug|Any CPU
		{08BC1558-48F6-4E80-A0BC-6124151A359A}.Release|Any CPU.ActiveCfg = Release|Any CPU
		{08BC1558-48F6-4E80-A0BC-6124151A359A}.Release|Any CPU.Build.0 = Release|Any CPU
		{A0A7581C-93E1-4527-ADB8-76F706D36AE8}.Debug|Any CPU.ActiveCfg = Debug|Any CPU
		{A0A7581C-93E1-4527-ADB8-76F706D36AE8}.Debug|Any CPU.Build.0 = Debug|Any CPU
		{A0A7581C-93E1-4527-ADB8-76F706D36AE8}.Release|Any CPU.ActiveCfg = Release|Any CPU
		{A0A7581C-93E1-4527-ADB8-76F706D36AE8}.Release|Any CPU.Build.0 = Release|Any CPU
		{E962CE6E-BBCC-478C-B9F9-AC706F09E919}.Debug|Any CPU.ActiveCfg = Debug|Any CPU
		{E962CE6E-BBCC-478C-B9F9-AC706F09E919}.Debug|Any CPU.Build.0 = Debug|Any CPU
		{E962CE6E-BBCC-478C-B9F9-AC706F09E919}.Release|Any CPU.ActiveCfg = Release|Any CPU
		{E962CE6E-BBCC-478C-B9F9-AC706F09E919}.Release|Any CPU.Build.0 = Release|Any CPU
		{A0435689-C8B2-414C-BC38-8BA5DE64E452}.Debug|Any CPU.ActiveCfg = Debug|Any CPU
		{A0435689-C8B2-414C-BC38-8BA5DE64E452}.Debug|Any CPU.Build.0 = Debug|Any CPU
		{A0435689-C8B2-414C-BC38-8BA5DE64E452}.Release|Any CPU.ActiveCfg = Release|Any CPU
		{A0435689-C8B2-414C-BC38-8BA5DE64E452}.Release|Any CPU.Build.0 = Release|Any CPU
		{97B38889-329E-4916-A9EA-5B8BA94EFA72}.Debug|Any CPU.ActiveCfg = Debug|Any CPU
		{97B38889-329E-4916-A9EA-5B8BA94EFA72}.Debug|Any CPU.Build.0 = Debug|Any CPU
		{97B38889-329E-4916-A9EA-5B8BA94EFA72}.Release|Any CPU.ActiveCfg = Release|Any CPU
		{97B38889-329E-4916-A9EA-5B8BA94EFA72}.Release|Any CPU.Build.0 = Release|Any CPU
		{6DD48154-FF04-4FD5-8E7D-29FDA0FBCB78}.Debug|Any CPU.ActiveCfg = Debug|Any CPU
		{6DD48154-FF04-4FD5-8E7D-29FDA0FBCB78}.Debug|Any CPU.Build.0 = Debug|Any CPU
		{6DD48154-FF04-4FD5-8E7D-29FDA0FBCB78}.Release|Any CPU.ActiveCfg = Release|Any CPU
		{6DD48154-FF04-4FD5-8E7D-29FDA0FBCB78}.Release|Any CPU.Build.0 = Release|Any CPU
		{C0A59A0F-6E1F-45EF-A7DD-5872AA67F337}.Debug|Any CPU.ActiveCfg = Debug|Any CPU
		{C0A59A0F-6E1F-45EF-A7DD-5872AA67F337}.Debug|Any CPU.Build.0 = Debug|Any CPU
		{C0A59A0F-6E1F-45EF-A7DD-5872AA67F337}.Release|Any CPU.ActiveCfg = Release|Any CPU
		{C0A59A0F-6E1F-45EF-A7DD-5872AA67F337}.Release|Any CPU.Build.0 = Release|Any CPU
		{FC5F9EC7-4575-41A4-BC9F-1FB81147A899}.Debug|Any CPU.ActiveCfg = Debug|Any CPU
		{FC5F9EC7-4575-41A4-BC9F-1FB81147A899}.Debug|Any CPU.Build.0 = Debug|Any CPU
		{FC5F9EC7-4575-41A4-BC9F-1FB81147A899}.Release|Any CPU.ActiveCfg = Release|Any CPU
		{FC5F9EC7-4575-41A4-BC9F-1FB81147A899}.Release|Any CPU.Build.0 = Release|Any CPU
		{791CF570-2833-4B4B-BCA9-222C05CFC71B}.Debug|Any CPU.ActiveCfg = Debug|Any CPU
		{791CF570-2833-4B4B-BCA9-222C05CFC71B}.Debug|Any CPU.Build.0 = Debug|Any CPU
		{791CF570-2833-4B4B-BCA9-222C05CFC71B}.Release|Any CPU.ActiveCfg = Release|Any CPU
		{791CF570-2833-4B4B-BCA9-222C05CFC71B}.Release|Any CPU.Build.0 = Release|Any CPU
		{2160DFA1-03AB-40A5-9CD3-288273CBCC75}.Debug|Any CPU.ActiveCfg = Debug|Any CPU
		{2160DFA1-03AB-40A5-9CD3-288273CBCC75}.Debug|Any CPU.Build.0 = Debug|Any CPU
		{2160DFA1-03AB-40A5-9CD3-288273CBCC75}.Release|Any CPU.ActiveCfg = Release|Any CPU
		{2160DFA1-03AB-40A5-9CD3-288273CBCC75}.Release|Any CPU.Build.0 = Release|Any CPU
		{942C569C-C159-4CDF-A78C-EA41BA7D1ADF}.Debug|Any CPU.ActiveCfg = Debug|Any CPU
		{942C569C-C159-4CDF-A78C-EA41BA7D1ADF}.Debug|Any CPU.Build.0 = Debug|Any CPU
		{942C569C-C159-4CDF-A78C-EA41BA7D1ADF}.Release|Any CPU.ActiveCfg = Release|Any CPU
		{942C569C-C159-4CDF-A78C-EA41BA7D1ADF}.Release|Any CPU.Build.0 = Release|Any CPU
		{1F9D86E4-4DC0-40F9-8582-BC37EA63AC13}.Debug|Any CPU.ActiveCfg = Debug|Any CPU
		{1F9D86E4-4DC0-40F9-8582-BC37EA63AC13}.Debug|Any CPU.Build.0 = Debug|Any CPU
		{1F9D86E4-4DC0-40F9-8582-BC37EA63AC13}.Release|Any CPU.ActiveCfg = Release|Any CPU
		{1F9D86E4-4DC0-40F9-8582-BC37EA63AC13}.Release|Any CPU.Build.0 = Release|Any CPU
		{4BA98FA2-63E3-4947-806A-8D0F165B90CB}.Debug|Any CPU.ActiveCfg = Debug|Any CPU
		{4BA98FA2-63E3-4947-806A-8D0F165B90CB}.Debug|Any CPU.Build.0 = Debug|Any CPU
		{4BA98FA2-63E3-4947-806A-8D0F165B90CB}.Release|Any CPU.ActiveCfg = Release|Any CPU
		{4BA98FA2-63E3-4947-806A-8D0F165B90CB}.Release|Any CPU.Build.0 = Release|Any CPU
		{CD94F8F3-17BE-47F6-A798-1E4EA2C3DF2F}.Debug|Any CPU.ActiveCfg = Debug|Any CPU
		{CD94F8F3-17BE-47F6-A798-1E4EA2C3DF2F}.Debug|Any CPU.Build.0 = Debug|Any CPU
		{CD94F8F3-17BE-47F6-A798-1E4EA2C3DF2F}.Release|Any CPU.ActiveCfg = Release|Any CPU
		{CD94F8F3-17BE-47F6-A798-1E4EA2C3DF2F}.Release|Any CPU.Build.0 = Release|Any CPU
		{D4244E52-B35A-44C1-B9C1-36474C8D40A4}.Debug|Any CPU.ActiveCfg = Debug|Any CPU
		{D4244E52-B35A-44C1-B9C1-36474C8D40A4}.Debug|Any CPU.Build.0 = Debug|Any CPU
		{D4244E52-B35A-44C1-B9C1-36474C8D40A4}.Release|Any CPU.ActiveCfg = Release|Any CPU
		{D4244E52-B35A-44C1-B9C1-36474C8D40A4}.Release|Any CPU.Build.0 = Release|Any CPU
		{1E53EB53-528B-4886-BA48-99D80B9DF1E0}.Debug|Any CPU.ActiveCfg = Debug|Any CPU
		{1E53EB53-528B-4886-BA48-99D80B9DF1E0}.Debug|Any CPU.Build.0 = Debug|Any CPU
		{1E53EB53-528B-4886-BA48-99D80B9DF1E0}.Release|Any CPU.ActiveCfg = Release|Any CPU
		{1E53EB53-528B-4886-BA48-99D80B9DF1E0}.Release|Any CPU.Build.0 = Release|Any CPU
		{B5FFA69E-5037-4A5D-859A-327A78638BCF}.Debug|Any CPU.ActiveCfg = Debug|Any CPU
		{B5FFA69E-5037-4A5D-859A-327A78638BCF}.Debug|Any CPU.Build.0 = Debug|Any CPU
		{B5FFA69E-5037-4A5D-859A-327A78638BCF}.Release|Any CPU.ActiveCfg = Release|Any CPU
		{B5FFA69E-5037-4A5D-859A-327A78638BCF}.Release|Any CPU.Build.0 = Release|Any CPU
		{0202F5D4-8914-4A1D-A1F7-EF6CC10AFCAD}.Debug|Any CPU.ActiveCfg = Debug|Any CPU
		{0202F5D4-8914-4A1D-A1F7-EF6CC10AFCAD}.Debug|Any CPU.Build.0 = Debug|Any CPU
		{0202F5D4-8914-4A1D-A1F7-EF6CC10AFCAD}.Release|Any CPU.ActiveCfg = Release|Any CPU
		{0202F5D4-8914-4A1D-A1F7-EF6CC10AFCAD}.Release|Any CPU.Build.0 = Release|Any CPU
		{0234FC14-5290-4A91-84F0-A214B710F37B}.Debug|Any CPU.ActiveCfg = Debug|Any CPU
		{0234FC14-5290-4A91-84F0-A214B710F37B}.Debug|Any CPU.Build.0 = Debug|Any CPU
		{0234FC14-5290-4A91-84F0-A214B710F37B}.Release|Any CPU.ActiveCfg = Release|Any CPU
		{0234FC14-5290-4A91-84F0-A214B710F37B}.Release|Any CPU.Build.0 = Release|Any CPU
		{6C96B67B-EBD7-4EED-84A9-B09928BC3FF9}.Debug|Any CPU.ActiveCfg = Debug|Any CPU
		{6C96B67B-EBD7-4EED-84A9-B09928BC3FF9}.Debug|Any CPU.Build.0 = Debug|Any CPU
		{6C96B67B-EBD7-4EED-84A9-B09928BC3FF9}.Release|Any CPU.ActiveCfg = Release|Any CPU
		{6C96B67B-EBD7-4EED-84A9-B09928BC3FF9}.Release|Any CPU.Build.0 = Release|Any CPU
		{D9C4E95A-2A04-4505-89EE-0729C20E2719}.Debug|Any CPU.ActiveCfg = Debug|Any CPU
		{D9C4E95A-2A04-4505-89EE-0729C20E2719}.Debug|Any CPU.Build.0 = Debug|Any CPU
		{D9C4E95A-2A04-4505-89EE-0729C20E2719}.Release|Any CPU.ActiveCfg = Release|Any CPU
		{D9C4E95A-2A04-4505-89EE-0729C20E2719}.Release|Any CPU.Build.0 = Release|Any CPU
		{27F02252-36A8-4CA6-A3F4-42BDBAE359AE}.Debug|Any CPU.ActiveCfg = Debug|Any CPU
		{27F02252-36A8-4CA6-A3F4-42BDBAE359AE}.Debug|Any CPU.Build.0 = Debug|Any CPU
		{27F02252-36A8-4CA6-A3F4-42BDBAE359AE}.Release|Any CPU.ActiveCfg = Release|Any CPU
		{27F02252-36A8-4CA6-A3F4-42BDBAE359AE}.Release|Any CPU.Build.0 = Release|Any CPU
		{B95DAF99-8632-4D43-8AC2-92658818EDD2}.Debug|Any CPU.ActiveCfg = Debug|Any CPU
		{B95DAF99-8632-4D43-8AC2-92658818EDD2}.Debug|Any CPU.Build.0 = Debug|Any CPU
		{B95DAF99-8632-4D43-8AC2-92658818EDD2}.Release|Any CPU.ActiveCfg = Release|Any CPU
		{B95DAF99-8632-4D43-8AC2-92658818EDD2}.Release|Any CPU.Build.0 = Release|Any CPU
		{60997549-CE44-4AC9-8EB1-223870BF8CA8}.Debug|Any CPU.ActiveCfg = Debug|Any CPU
		{60997549-CE44-4AC9-8EB1-223870BF8CA8}.Debug|Any CPU.Build.0 = Debug|Any CPU
		{60997549-CE44-4AC9-8EB1-223870BF8CA8}.Release|Any CPU.ActiveCfg = Release|Any CPU
		{60997549-CE44-4AC9-8EB1-223870BF8CA8}.Release|Any CPU.Build.0 = Release|Any CPU
		{115FD2C1-521A-42CE-9D6D-BE1BA7E85574}.Debug|Any CPU.ActiveCfg = Debug|Any CPU
		{115FD2C1-521A-42CE-9D6D-BE1BA7E85574}.Debug|Any CPU.Build.0 = Debug|Any CPU
		{115FD2C1-521A-42CE-9D6D-BE1BA7E85574}.Release|Any CPU.ActiveCfg = Release|Any CPU
		{115FD2C1-521A-42CE-9D6D-BE1BA7E85574}.Release|Any CPU.Build.0 = Release|Any CPU
		{ABED1CE8-3F1F-49E3-AB2C-1A06ADD5CE4C}.Debug|Any CPU.ActiveCfg = Debug|Any CPU
		{ABED1CE8-3F1F-49E3-AB2C-1A06ADD5CE4C}.Debug|Any CPU.Build.0 = Debug|Any CPU
		{ABED1CE8-3F1F-49E3-AB2C-1A06ADD5CE4C}.Release|Any CPU.ActiveCfg = Release|Any CPU
		{ABED1CE8-3F1F-49E3-AB2C-1A06ADD5CE4C}.Release|Any CPU.Build.0 = Release|Any CPU
		{0236DB78-00CC-453B-A388-28E328B87563}.Debug|Any CPU.ActiveCfg = Debug|Any CPU
		{0236DB78-00CC-453B-A388-28E328B87563}.Debug|Any CPU.Build.0 = Debug|Any CPU
		{0236DB78-00CC-453B-A388-28E328B87563}.Release|Any CPU.ActiveCfg = Release|Any CPU
		{0236DB78-00CC-453B-A388-28E328B87563}.Release|Any CPU.Build.0 = Release|Any CPU
		{D1CB8DA9-45C5-4E43-9320-AB212A4C769F}.Debug|Any CPU.ActiveCfg = Debug|Any CPU
		{D1CB8DA9-45C5-4E43-9320-AB212A4C769F}.Debug|Any CPU.Build.0 = Debug|Any CPU
		{D1CB8DA9-45C5-4E43-9320-AB212A4C769F}.Release|Any CPU.ActiveCfg = Release|Any CPU
		{D1CB8DA9-45C5-4E43-9320-AB212A4C769F}.Release|Any CPU.Build.0 = Release|Any CPU
		{A5FCD042-4C0A-40A8-86BA-D0BD0F33DCEE}.Debug|Any CPU.ActiveCfg = Debug|Any CPU
		{A5FCD042-4C0A-40A8-86BA-D0BD0F33DCEE}.Debug|Any CPU.Build.0 = Debug|Any CPU
		{A5FCD042-4C0A-40A8-86BA-D0BD0F33DCEE}.Release|Any CPU.ActiveCfg = Release|Any CPU
		{A5FCD042-4C0A-40A8-86BA-D0BD0F33DCEE}.Release|Any CPU.Build.0 = Release|Any CPU
		{690B94DB-3C00-4BEC-A49D-C801980E9F69}.Debug|Any CPU.ActiveCfg = Debug|Any CPU
		{690B94DB-3C00-4BEC-A49D-C801980E9F69}.Debug|Any CPU.Build.0 = Debug|Any CPU
		{690B94DB-3C00-4BEC-A49D-C801980E9F69}.Release|Any CPU.ActiveCfg = Release|Any CPU
		{690B94DB-3C00-4BEC-A49D-C801980E9F69}.Release|Any CPU.Build.0 = Release|Any CPU
		{422526B8-5AB4-4996-BC94-EB97A6D6F872}.Debug|Any CPU.ActiveCfg = Debug|Any CPU
		{422526B8-5AB4-4996-BC94-EB97A6D6F872}.Debug|Any CPU.Build.0 = Debug|Any CPU
		{422526B8-5AB4-4996-BC94-EB97A6D6F872}.Release|Any CPU.ActiveCfg = Release|Any CPU
		{422526B8-5AB4-4996-BC94-EB97A6D6F872}.Release|Any CPU.Build.0 = Release|Any CPU
		{E528A241-962D-47F0-98AE-44430B275EAD}.Debug|Any CPU.ActiveCfg = Debug|Any CPU
		{E528A241-962D-47F0-98AE-44430B275EAD}.Debug|Any CPU.Build.0 = Debug|Any CPU
		{E528A241-962D-47F0-98AE-44430B275EAD}.Release|Any CPU.ActiveCfg = Release|Any CPU
		{E528A241-962D-47F0-98AE-44430B275EAD}.Release|Any CPU.Build.0 = Release|Any CPU
		{0345D25E-8DBE-4D9D-8BBC-C0FF2D594BFC}.Debug|Any CPU.ActiveCfg = Debug|Any CPU
		{0345D25E-8DBE-4D9D-8BBC-C0FF2D594BFC}.Debug|Any CPU.Build.0 = Debug|Any CPU
		{0345D25E-8DBE-4D9D-8BBC-C0FF2D594BFC}.Release|Any CPU.ActiveCfg = Release|Any CPU
		{0345D25E-8DBE-4D9D-8BBC-C0FF2D594BFC}.Release|Any CPU.Build.0 = Release|Any CPU
		{23675EB0-31C0-4A2F-A1C5-5E8A4D43AB39}.Debug|Any CPU.ActiveCfg = Debug|Any CPU
		{23675EB0-31C0-4A2F-A1C5-5E8A4D43AB39}.Debug|Any CPU.Build.0 = Debug|Any CPU
		{23675EB0-31C0-4A2F-A1C5-5E8A4D43AB39}.Release|Any CPU.ActiveCfg = Release|Any CPU
		{23675EB0-31C0-4A2F-A1C5-5E8A4D43AB39}.Release|Any CPU.Build.0 = Release|Any CPU
		{D573E65C-9A76-4B3B-B077-A22B908ED4DB}.Debug|Any CPU.ActiveCfg = Debug|Any CPU
		{D573E65C-9A76-4B3B-B077-A22B908ED4DB}.Debug|Any CPU.Build.0 = Debug|Any CPU
		{D573E65C-9A76-4B3B-B077-A22B908ED4DB}.Release|Any CPU.ActiveCfg = Release|Any CPU
		{D573E65C-9A76-4B3B-B077-A22B908ED4DB}.Release|Any CPU.Build.0 = Release|Any CPU
		{B251B985-EA2C-4FE2-A714-49B7758BDC01}.Debug|Any CPU.ActiveCfg = Debug|Any CPU
		{B251B985-EA2C-4FE2-A714-49B7758BDC01}.Debug|Any CPU.Build.0 = Debug|Any CPU
		{B251B985-EA2C-4FE2-A714-49B7758BDC01}.Release|Any CPU.ActiveCfg = Release|Any CPU
		{B251B985-EA2C-4FE2-A714-49B7758BDC01}.Release|Any CPU.Build.0 = Release|Any CPU
		{9C436275-AA5B-42A4-A460-3AE1F779C266}.Debug|Any CPU.ActiveCfg = Debug|Any CPU
		{9C436275-AA5B-42A4-A460-3AE1F779C266}.Debug|Any CPU.Build.0 = Debug|Any CPU
		{9C436275-AA5B-42A4-A460-3AE1F779C266}.Release|Any CPU.ActiveCfg = Release|Any CPU
		{9C436275-AA5B-42A4-A460-3AE1F779C266}.Release|Any CPU.Build.0 = Release|Any CPU
		{AB27CBA2-ED76-4BDA-A99B-096722D3A3FB}.Debug|Any CPU.ActiveCfg = Debug|Any CPU
		{AB27CBA2-ED76-4BDA-A99B-096722D3A3FB}.Debug|Any CPU.Build.0 = Debug|Any CPU
		{AB27CBA2-ED76-4BDA-A99B-096722D3A3FB}.Release|Any CPU.ActiveCfg = Release|Any CPU
		{AB27CBA2-ED76-4BDA-A99B-096722D3A3FB}.Release|Any CPU.Build.0 = Release|Any CPU
		{7D456276-4A15-47BF-9E21-10BE9D59A474}.Debug|Any CPU.ActiveCfg = Debug|Any CPU
		{7D456276-4A15-47BF-9E21-10BE9D59A474}.Debug|Any CPU.Build.0 = Debug|Any CPU
		{7D456276-4A15-47BF-9E21-10BE9D59A474}.Release|Any CPU.ActiveCfg = Release|Any CPU
		{7D456276-4A15-47BF-9E21-10BE9D59A474}.Release|Any CPU.Build.0 = Release|Any CPU
		{985BBECD-329B-447C-8AFE-A5948BE4502F}.Debug|Any CPU.ActiveCfg = Debug|Any CPU
		{985BBECD-329B-447C-8AFE-A5948BE4502F}.Debug|Any CPU.Build.0 = Debug|Any CPU
		{985BBECD-329B-447C-8AFE-A5948BE4502F}.Release|Any CPU.ActiveCfg = Release|Any CPU
		{985BBECD-329B-447C-8AFE-A5948BE4502F}.Release|Any CPU.Build.0 = Release|Any CPU
		{03C1EECA-1A75-4CD7-BEA0-D87351D5B3C0}.Debug|Any CPU.ActiveCfg = Debug|Any CPU
		{03C1EECA-1A75-4CD7-BEA0-D87351D5B3C0}.Debug|Any CPU.Build.0 = Debug|Any CPU
		{03C1EECA-1A75-4CD7-BEA0-D87351D5B3C0}.Release|Any CPU.ActiveCfg = Release|Any CPU
		{03C1EECA-1A75-4CD7-BEA0-D87351D5B3C0}.Release|Any CPU.Build.0 = Release|Any CPU
		{35C19375-C306-4DDD-913A-9474667DE65A}.Debug|Any CPU.ActiveCfg = Debug|Any CPU
		{35C19375-C306-4DDD-913A-9474667DE65A}.Debug|Any CPU.Build.0 = Debug|Any CPU
		{35C19375-C306-4DDD-913A-9474667DE65A}.Release|Any CPU.ActiveCfg = Release|Any CPU
		{35C19375-C306-4DDD-913A-9474667DE65A}.Release|Any CPU.Build.0 = Release|Any CPU
		{E9E58B9C-D928-4B5C-BBAC-8517CC5E2F10}.Debug|Any CPU.ActiveCfg = Debug|Any CPU
		{E9E58B9C-D928-4B5C-BBAC-8517CC5E2F10}.Debug|Any CPU.Build.0 = Debug|Any CPU
		{E9E58B9C-D928-4B5C-BBAC-8517CC5E2F10}.Release|Any CPU.ActiveCfg = Release|Any CPU
		{E9E58B9C-D928-4B5C-BBAC-8517CC5E2F10}.Release|Any CPU.Build.0 = Release|Any CPU
		{08818C94-B0D6-40E5-8C1A-CA3F66F34FF6}.Debug|Any CPU.ActiveCfg = Debug|Any CPU
		{08818C94-B0D6-40E5-8C1A-CA3F66F34FF6}.Debug|Any CPU.Build.0 = Debug|Any CPU
		{08818C94-B0D6-40E5-8C1A-CA3F66F34FF6}.Release|Any CPU.ActiveCfg = Release|Any CPU
		{08818C94-B0D6-40E5-8C1A-CA3F66F34FF6}.Release|Any CPU.Build.0 = Release|Any CPU
		{80C1AB09-5CB2-46FB-A2A8-80EE274917D9}.Debug|Any CPU.ActiveCfg = Debug|Any CPU
		{80C1AB09-5CB2-46FB-A2A8-80EE274917D9}.Debug|Any CPU.Build.0 = Debug|Any CPU
		{80C1AB09-5CB2-46FB-A2A8-80EE274917D9}.Release|Any CPU.ActiveCfg = Release|Any CPU
		{80C1AB09-5CB2-46FB-A2A8-80EE274917D9}.Release|Any CPU.Build.0 = Release|Any CPU
		{7E1C491D-E8B2-413D-9C75-F55F51431C94}.Debug|Any CPU.ActiveCfg = Debug|Any CPU
		{7E1C491D-E8B2-413D-9C75-F55F51431C94}.Debug|Any CPU.Build.0 = Debug|Any CPU
		{7E1C491D-E8B2-413D-9C75-F55F51431C94}.Release|Any CPU.ActiveCfg = Release|Any CPU
		{7E1C491D-E8B2-413D-9C75-F55F51431C94}.Release|Any CPU.Build.0 = Release|Any CPU
		{E2338373-AA50-4F7F-8902-A18EEDF6BCB0}.Debug|Any CPU.ActiveCfg = Debug|Any CPU
		{E2338373-AA50-4F7F-8902-A18EEDF6BCB0}.Debug|Any CPU.Build.0 = Debug|Any CPU
		{E2338373-AA50-4F7F-8902-A18EEDF6BCB0}.Release|Any CPU.ActiveCfg = Release|Any CPU
		{E2338373-AA50-4F7F-8902-A18EEDF6BCB0}.Release|Any CPU.Build.0 = Release|Any CPU
		{F0D1742C-E3C0-44CA-81F8-8355CF1C2C2F}.Debug|Any CPU.ActiveCfg = Debug|Any CPU
		{F0D1742C-E3C0-44CA-81F8-8355CF1C2C2F}.Debug|Any CPU.Build.0 = Debug|Any CPU
		{F0D1742C-E3C0-44CA-81F8-8355CF1C2C2F}.Release|Any CPU.ActiveCfg = Release|Any CPU
		{F0D1742C-E3C0-44CA-81F8-8355CF1C2C2F}.Release|Any CPU.Build.0 = Release|Any CPU
		{E6B29D8C-483F-453A-A3ED-59DAF6C7F0D8}.Debug|Any CPU.ActiveCfg = Debug|Any CPU
		{E6B29D8C-483F-453A-A3ED-59DAF6C7F0D8}.Debug|Any CPU.Build.0 = Debug|Any CPU
		{E6B29D8C-483F-453A-A3ED-59DAF6C7F0D8}.Release|Any CPU.ActiveCfg = Release|Any CPU
		{E6B29D8C-483F-453A-A3ED-59DAF6C7F0D8}.Release|Any CPU.Build.0 = Release|Any CPU
		{72D40975-9B76-4523-B013-99D9902F232A}.Debug|Any CPU.ActiveCfg = Debug|Any CPU
		{72D40975-9B76-4523-B013-99D9902F232A}.Debug|Any CPU.Build.0 = Debug|Any CPU
		{72D40975-9B76-4523-B013-99D9902F232A}.Release|Any CPU.ActiveCfg = Release|Any CPU
		{72D40975-9B76-4523-B013-99D9902F232A}.Release|Any CPU.Build.0 = Release|Any CPU
		{3B4524EE-8798-43B3-99B1-23EAA697066D}.Debug|Any CPU.ActiveCfg = Debug|Any CPU
		{3B4524EE-8798-43B3-99B1-23EAA697066D}.Debug|Any CPU.Build.0 = Debug|Any CPU
		{3B4524EE-8798-43B3-99B1-23EAA697066D}.Release|Any CPU.ActiveCfg = Release|Any CPU
		{3B4524EE-8798-43B3-99B1-23EAA697066D}.Release|Any CPU.Build.0 = Release|Any CPU
		{3B372E21-5F5E-4AA2-8F6F-90CC6F309A1F}.Debug|Any CPU.ActiveCfg = Debug|Any CPU
		{3B372E21-5F5E-4AA2-8F6F-90CC6F309A1F}.Debug|Any CPU.Build.0 = Debug|Any CPU
		{3B372E21-5F5E-4AA2-8F6F-90CC6F309A1F}.Release|Any CPU.ActiveCfg = Release|Any CPU
		{3B372E21-5F5E-4AA2-8F6F-90CC6F309A1F}.Release|Any CPU.Build.0 = Release|Any CPU
		{0EAB6F50-2F7B-4DDE-B80A-9991BFFED4C7}.Debug|Any CPU.ActiveCfg = Debug|Any CPU
		{0EAB6F50-2F7B-4DDE-B80A-9991BFFED4C7}.Debug|Any CPU.Build.0 = Debug|Any CPU
		{0EAB6F50-2F7B-4DDE-B80A-9991BFFED4C7}.Release|Any CPU.ActiveCfg = Release|Any CPU
		{0EAB6F50-2F7B-4DDE-B80A-9991BFFED4C7}.Release|Any CPU.Build.0 = Release|Any CPU
		{A99A557E-CAA2-4C14-8855-D6C0AB0BDA87}.Debug|Any CPU.ActiveCfg = Debug|Any CPU
		{A99A557E-CAA2-4C14-8855-D6C0AB0BDA87}.Debug|Any CPU.Build.0 = Debug|Any CPU
		{A99A557E-CAA2-4C14-8855-D6C0AB0BDA87}.Release|Any CPU.ActiveCfg = Release|Any CPU
		{A99A557E-CAA2-4C14-8855-D6C0AB0BDA87}.Release|Any CPU.Build.0 = Release|Any CPU
		{1911A0D8-9476-4F8A-9F59-45FCA2AF1305}.Debug|Any CPU.ActiveCfg = Debug|Any CPU
		{1911A0D8-9476-4F8A-9F59-45FCA2AF1305}.Debug|Any CPU.Build.0 = Debug|Any CPU
		{1911A0D8-9476-4F8A-9F59-45FCA2AF1305}.Release|Any CPU.ActiveCfg = Release|Any CPU
		{1911A0D8-9476-4F8A-9F59-45FCA2AF1305}.Release|Any CPU.Build.0 = Release|Any CPU
		{B4161702-55BC-43A0-95C1-3E4B3F015B05}.Debug|Any CPU.ActiveCfg = Debug|Any CPU
		{B4161702-55BC-43A0-95C1-3E4B3F015B05}.Debug|Any CPU.Build.0 = Debug|Any CPU
		{B4161702-55BC-43A0-95C1-3E4B3F015B05}.Release|Any CPU.ActiveCfg = Release|Any CPU
		{B4161702-55BC-43A0-95C1-3E4B3F015B05}.Release|Any CPU.Build.0 = Release|Any CPU
		{D180C9E8-B490-4EAF-A921-2DA2A6741670}.Debug|Any CPU.ActiveCfg = Debug|Any CPU
		{D180C9E8-B490-4EAF-A921-2DA2A6741670}.Debug|Any CPU.Build.0 = Debug|Any CPU
		{D180C9E8-B490-4EAF-A921-2DA2A6741670}.Release|Any CPU.ActiveCfg = Release|Any CPU
		{D180C9E8-B490-4EAF-A921-2DA2A6741670}.Release|Any CPU.Build.0 = Release|Any CPU
		{E5B751ED-FE1C-4563-BE5F-97C8D07DD3B0}.Debug|Any CPU.ActiveCfg = Debug|Any CPU
		{E5B751ED-FE1C-4563-BE5F-97C8D07DD3B0}.Debug|Any CPU.Build.0 = Debug|Any CPU
		{E5B751ED-FE1C-4563-BE5F-97C8D07DD3B0}.Release|Any CPU.ActiveCfg = Release|Any CPU
		{E5B751ED-FE1C-4563-BE5F-97C8D07DD3B0}.Release|Any CPU.Build.0 = Release|Any CPU
		{9C116F78-38B1-4019-938A-5D7CF9764F6E}.Debug|Any CPU.ActiveCfg = Debug|Any CPU
		{9C116F78-38B1-4019-938A-5D7CF9764F6E}.Debug|Any CPU.Build.0 = Debug|Any CPU
		{9C116F78-38B1-4019-938A-5D7CF9764F6E}.Release|Any CPU.ActiveCfg = Release|Any CPU
		{9C116F78-38B1-4019-938A-5D7CF9764F6E}.Release|Any CPU.Build.0 = Release|Any CPU
		{789778E6-FF19-4648-ABD2-FCCD05F1FFB6}.Debug|Any CPU.ActiveCfg = Debug|Any CPU
		{789778E6-FF19-4648-ABD2-FCCD05F1FFB6}.Debug|Any CPU.Build.0 = Debug|Any CPU
		{789778E6-FF19-4648-ABD2-FCCD05F1FFB6}.Release|Any CPU.ActiveCfg = Release|Any CPU
		{789778E6-FF19-4648-ABD2-FCCD05F1FFB6}.Release|Any CPU.Build.0 = Release|Any CPU
		{34BB014E-AB10-4EDC-BF46-A963B431CC06}.Debug|Any CPU.ActiveCfg = Debug|Any CPU
		{34BB014E-AB10-4EDC-BF46-A963B431CC06}.Debug|Any CPU.Build.0 = Debug|Any CPU
		{34BB014E-AB10-4EDC-BF46-A963B431CC06}.Release|Any CPU.ActiveCfg = Release|Any CPU
		{34BB014E-AB10-4EDC-BF46-A963B431CC06}.Release|Any CPU.Build.0 = Release|Any CPU
		{1A4E915A-B4DF-4176-9D9D-01CA99AD3828}.Debug|Any CPU.ActiveCfg = Debug|Any CPU
		{1A4E915A-B4DF-4176-9D9D-01CA99AD3828}.Debug|Any CPU.Build.0 = Debug|Any CPU
		{1A4E915A-B4DF-4176-9D9D-01CA99AD3828}.Release|Any CPU.ActiveCfg = Release|Any CPU
		{1A4E915A-B4DF-4176-9D9D-01CA99AD3828}.Release|Any CPU.Build.0 = Release|Any CPU
		{28A96CFE-3804-4590-9678-506F6F50A933}.Debug|Any CPU.ActiveCfg = Debug|Any CPU
		{28A96CFE-3804-4590-9678-506F6F50A933}.Debug|Any CPU.Build.0 = Debug|Any CPU
		{28A96CFE-3804-4590-9678-506F6F50A933}.Release|Any CPU.ActiveCfg = Release|Any CPU
		{28A96CFE-3804-4590-9678-506F6F50A933}.Release|Any CPU.Build.0 = Release|Any CPU
		{469C3E01-D1A3-4FD8-82B3-1C4567AEA328}.Debug|Any CPU.ActiveCfg = Debug|Any CPU
		{469C3E01-D1A3-4FD8-82B3-1C4567AEA328}.Debug|Any CPU.Build.0 = Debug|Any CPU
		{469C3E01-D1A3-4FD8-82B3-1C4567AEA328}.Release|Any CPU.ActiveCfg = Release|Any CPU
		{469C3E01-D1A3-4FD8-82B3-1C4567AEA328}.Release|Any CPU.Build.0 = Release|Any CPU
		{1AFD317C-1BA5-437A-BEA2-ACBB1F67C303}.Debug|Any CPU.ActiveCfg = Debug|Any CPU
		{1AFD317C-1BA5-437A-BEA2-ACBB1F67C303}.Debug|Any CPU.Build.0 = Debug|Any CPU
		{1AFD317C-1BA5-437A-BEA2-ACBB1F67C303}.Release|Any CPU.ActiveCfg = Release|Any CPU
		{1AFD317C-1BA5-437A-BEA2-ACBB1F67C303}.Release|Any CPU.Build.0 = Release|Any CPU
		{11AE99C3-35B7-41EA-A0C5-7B893FF0DBF9}.Debug|Any CPU.ActiveCfg = Debug|Any CPU
		{11AE99C3-35B7-41EA-A0C5-7B893FF0DBF9}.Debug|Any CPU.Build.0 = Debug|Any CPU
		{11AE99C3-35B7-41EA-A0C5-7B893FF0DBF9}.Release|Any CPU.ActiveCfg = Release|Any CPU
		{11AE99C3-35B7-41EA-A0C5-7B893FF0DBF9}.Release|Any CPU.Build.0 = Release|Any CPU
		{CA68286C-AB0F-4923-B867-58409A6B3A91}.Debug|Any CPU.ActiveCfg = Debug|Any CPU
		{CA68286C-AB0F-4923-B867-58409A6B3A91}.Debug|Any CPU.Build.0 = Debug|Any CPU
		{CA68286C-AB0F-4923-B867-58409A6B3A91}.Release|Any CPU.ActiveCfg = Release|Any CPU
		{CA68286C-AB0F-4923-B867-58409A6B3A91}.Release|Any CPU.Build.0 = Release|Any CPU
		{C7629F11-ED79-467F-A387-4645134399BF}.Debug|Any CPU.ActiveCfg = Debug|Any CPU
		{C7629F11-ED79-467F-A387-4645134399BF}.Debug|Any CPU.Build.0 = Debug|Any CPU
		{C7629F11-ED79-467F-A387-4645134399BF}.Release|Any CPU.ActiveCfg = Release|Any CPU
		{C7629F11-ED79-467F-A387-4645134399BF}.Release|Any CPU.Build.0 = Release|Any CPU
		{E7E3A81D-B16A-48EE-AF03-0E10F589AD06}.Debug|Any CPU.ActiveCfg = Debug|Any CPU
		{E7E3A81D-B16A-48EE-AF03-0E10F589AD06}.Debug|Any CPU.Build.0 = Debug|Any CPU
		{E7E3A81D-B16A-48EE-AF03-0E10F589AD06}.Release|Any CPU.ActiveCfg = Release|Any CPU
		{E7E3A81D-B16A-48EE-AF03-0E10F589AD06}.Release|Any CPU.Build.0 = Release|Any CPU
		{E705C307-15D8-4E20-A9D1-92EF1636460C}.Debug|Any CPU.ActiveCfg = Debug|Any CPU
		{E705C307-15D8-4E20-A9D1-92EF1636460C}.Debug|Any CPU.Build.0 = Debug|Any CPU
		{E705C307-15D8-4E20-A9D1-92EF1636460C}.Release|Any CPU.ActiveCfg = Release|Any CPU
		{E705C307-15D8-4E20-A9D1-92EF1636460C}.Release|Any CPU.Build.0 = Release|Any CPU
		{01D0BCF2-5B0C-4342-A23F-E3185CBCFD17}.Debug|Any CPU.ActiveCfg = Debug|Any CPU
		{01D0BCF2-5B0C-4342-A23F-E3185CBCFD17}.Debug|Any CPU.Build.0 = Debug|Any CPU
		{01D0BCF2-5B0C-4342-A23F-E3185CBCFD17}.Release|Any CPU.ActiveCfg = Release|Any CPU
		{01D0BCF2-5B0C-4342-A23F-E3185CBCFD17}.Release|Any CPU.Build.0 = Release|Any CPU
		{CF984CD8-6BBA-4BCC-8494-8670113B2E2F}.Debug|Any CPU.ActiveCfg = Debug|Any CPU
		{CF984CD8-6BBA-4BCC-8494-8670113B2E2F}.Debug|Any CPU.Build.0 = Debug|Any CPU
		{CF984CD8-6BBA-4BCC-8494-8670113B2E2F}.Release|Any CPU.ActiveCfg = Release|Any CPU
		{CF984CD8-6BBA-4BCC-8494-8670113B2E2F}.Release|Any CPU.Build.0 = Release|Any CPU
	EndGlobalSection
	GlobalSection(SolutionProperties) = preSolution
		HideSolutionNode = FALSE
	EndGlobalSection
	GlobalSection(NestedProjects) = preSolution
		{FDF1A2CA-46D8-41F2-B7AE-B59237C0CA3E} = {4CACBB36-FB10-4BB7-99C5-A6548363E566}
		{3B60DE99-C01E-4F3A-8449-9A2DBB6A947F} = {506108E3-0532-498E-9094-6BE58E13D382}
		{AF65F8DD-5147-4E39-B160-727C49A3F99C} = {506108E3-0532-498E-9094-6BE58E13D382}
		{29B587AC-614B-4108-B728-1165ECF52CEA} = {AF65F8DD-5147-4E39-B160-727C49A3F99C}
		{08BC1558-48F6-4E80-A0BC-6124151A359A} = {F2A1CFAA-B46F-4699-93F2-86EBC47B9FC6}
		{A0A7581C-93E1-4527-ADB8-76F706D36AE8} = {F2A1CFAA-B46F-4699-93F2-86EBC47B9FC6}
		{E962CE6E-BBCC-478C-B9F9-AC706F09E919} = {F2A1CFAA-B46F-4699-93F2-86EBC47B9FC6}
		{A0435689-C8B2-414C-BC38-8BA5DE64E452} = {F2A1CFAA-B46F-4699-93F2-86EBC47B9FC6}
		{97B38889-329E-4916-A9EA-5B8BA94EFA72} = {F2A1CFAA-B46F-4699-93F2-86EBC47B9FC6}
		{6DD48154-FF04-4FD5-8E7D-29FDA0FBCB78} = {F2A1CFAA-B46F-4699-93F2-86EBC47B9FC6}
		{C0A59A0F-6E1F-45EF-A7DD-5872AA67F337} = {F2A1CFAA-B46F-4699-93F2-86EBC47B9FC6}
		{FC5F9EC7-4575-41A4-BC9F-1FB81147A899} = {F2A1CFAA-B46F-4699-93F2-86EBC47B9FC6}
		{791CF570-2833-4B4B-BCA9-222C05CFC71B} = {F2A1CFAA-B46F-4699-93F2-86EBC47B9FC6}
		{2160DFA1-03AB-40A5-9CD3-288273CBCC75} = {F2A1CFAA-B46F-4699-93F2-86EBC47B9FC6}
		{942C569C-C159-4CDF-A78C-EA41BA7D1ADF} = {F2A1CFAA-B46F-4699-93F2-86EBC47B9FC6}
		{1F9D86E4-4DC0-40F9-8582-BC37EA63AC13} = {F2A1CFAA-B46F-4699-93F2-86EBC47B9FC6}
		{4BA98FA2-63E3-4947-806A-8D0F165B90CB} = {F2A1CFAA-B46F-4699-93F2-86EBC47B9FC6}
		{CD94F8F3-17BE-47F6-A798-1E4EA2C3DF2F} = {F2A1CFAA-B46F-4699-93F2-86EBC47B9FC6}
		{D4244E52-B35A-44C1-B9C1-36474C8D40A4} = {F2A1CFAA-B46F-4699-93F2-86EBC47B9FC6}
		{1E53EB53-528B-4886-BA48-99D80B9DF1E0} = {F2A1CFAA-B46F-4699-93F2-86EBC47B9FC6}
		{B5FFA69E-5037-4A5D-859A-327A78638BCF} = {F2A1CFAA-B46F-4699-93F2-86EBC47B9FC6}
		{0202F5D4-8914-4A1D-A1F7-EF6CC10AFCAD} = {F2A1CFAA-B46F-4699-93F2-86EBC47B9FC6}
		{0234FC14-5290-4A91-84F0-A214B710F37B} = {F2A1CFAA-B46F-4699-93F2-86EBC47B9FC6}
		{6C96B67B-EBD7-4EED-84A9-B09928BC3FF9} = {F2A1CFAA-B46F-4699-93F2-86EBC47B9FC6}
		{D9C4E95A-2A04-4505-89EE-0729C20E2719} = {F2A1CFAA-B46F-4699-93F2-86EBC47B9FC6}
		{27F02252-36A8-4CA6-A3F4-42BDBAE359AE} = {F2A1CFAA-B46F-4699-93F2-86EBC47B9FC6}
		{B95DAF99-8632-4D43-8AC2-92658818EDD2} = {F2A1CFAA-B46F-4699-93F2-86EBC47B9FC6}
		{60997549-CE44-4AC9-8EB1-223870BF8CA8} = {F2A1CFAA-B46F-4699-93F2-86EBC47B9FC6}
		{115FD2C1-521A-42CE-9D6D-BE1BA7E85574} = {F2A1CFAA-B46F-4699-93F2-86EBC47B9FC6}
		{ABED1CE8-3F1F-49E3-AB2C-1A06ADD5CE4C} = {F2A1CFAA-B46F-4699-93F2-86EBC47B9FC6}
		{0236DB78-00CC-453B-A388-28E328B87563} = {F2A1CFAA-B46F-4699-93F2-86EBC47B9FC6}
		{D1CB8DA9-45C5-4E43-9320-AB212A4C769F} = {F2A1CFAA-B46F-4699-93F2-86EBC47B9FC6}
		{A5FCD042-4C0A-40A8-86BA-D0BD0F33DCEE} = {F2A1CFAA-B46F-4699-93F2-86EBC47B9FC6}
		{690B94DB-3C00-4BEC-A49D-C801980E9F69} = {F2A1CFAA-B46F-4699-93F2-86EBC47B9FC6}
		{422526B8-5AB4-4996-BC94-EB97A6D6F872} = {F2A1CFAA-B46F-4699-93F2-86EBC47B9FC6}
		{E528A241-962D-47F0-98AE-44430B275EAD} = {F2A1CFAA-B46F-4699-93F2-86EBC47B9FC6}
		{0345D25E-8DBE-4D9D-8BBC-C0FF2D594BFC} = {F2A1CFAA-B46F-4699-93F2-86EBC47B9FC6}
		{23675EB0-31C0-4A2F-A1C5-5E8A4D43AB39} = {F2A1CFAA-B46F-4699-93F2-86EBC47B9FC6}
		{D573E65C-9A76-4B3B-B077-A22B908ED4DB} = {F2A1CFAA-B46F-4699-93F2-86EBC47B9FC6}
		{B251B985-EA2C-4FE2-A714-49B7758BDC01} = {F2A1CFAA-B46F-4699-93F2-86EBC47B9FC6}
		{9C436275-AA5B-42A4-A460-3AE1F779C266} = {F2A1CFAA-B46F-4699-93F2-86EBC47B9FC6}
		{AB27CBA2-ED76-4BDA-A99B-096722D3A3FB} = {F2A1CFAA-B46F-4699-93F2-86EBC47B9FC6}
		{7D456276-4A15-47BF-9E21-10BE9D59A474} = {F2A1CFAA-B46F-4699-93F2-86EBC47B9FC6}
		{985BBECD-329B-447C-8AFE-A5948BE4502F} = {F2A1CFAA-B46F-4699-93F2-86EBC47B9FC6}
		{03C1EECA-1A75-4CD7-BEA0-D87351D5B3C0} = {F2A1CFAA-B46F-4699-93F2-86EBC47B9FC6}
		{35C19375-C306-4DDD-913A-9474667DE65A} = {F2A1CFAA-B46F-4699-93F2-86EBC47B9FC6}
		{E9E58B9C-D928-4B5C-BBAC-8517CC5E2F10} = {F2A1CFAA-B46F-4699-93F2-86EBC47B9FC6}
		{08818C94-B0D6-40E5-8C1A-CA3F66F34FF6} = {F2A1CFAA-B46F-4699-93F2-86EBC47B9FC6}
		{80C1AB09-5CB2-46FB-A2A8-80EE274917D9} = {F2A1CFAA-B46F-4699-93F2-86EBC47B9FC6}
		{7E1C491D-E8B2-413D-9C75-F55F51431C94} = {F2A1CFAA-B46F-4699-93F2-86EBC47B9FC6}
		{E2338373-AA50-4F7F-8902-A18EEDF6BCB0} = {F2A1CFAA-B46F-4699-93F2-86EBC47B9FC6}
		{F0D1742C-E3C0-44CA-81F8-8355CF1C2C2F} = {F2A1CFAA-B46F-4699-93F2-86EBC47B9FC6}
		{E6B29D8C-483F-453A-A3ED-59DAF6C7F0D8} = {F2A1CFAA-B46F-4699-93F2-86EBC47B9FC6}
		{72D40975-9B76-4523-B013-99D9902F232A} = {F2A1CFAA-B46F-4699-93F2-86EBC47B9FC6}
		{3B4524EE-8798-43B3-99B1-23EAA697066D} = {F2A1CFAA-B46F-4699-93F2-86EBC47B9FC6}
		{3B372E21-5F5E-4AA2-8F6F-90CC6F309A1F} = {F2A1CFAA-B46F-4699-93F2-86EBC47B9FC6}
		{0EAB6F50-2F7B-4DDE-B80A-9991BFFED4C7} = {F2A1CFAA-B46F-4699-93F2-86EBC47B9FC6}
		{A99A557E-CAA2-4C14-8855-D6C0AB0BDA87} = {F2A1CFAA-B46F-4699-93F2-86EBC47B9FC6}
		{1911A0D8-9476-4F8A-9F59-45FCA2AF1305} = {F2A1CFAA-B46F-4699-93F2-86EBC47B9FC6}
		{B4161702-55BC-43A0-95C1-3E4B3F015B05} = {F2A1CFAA-B46F-4699-93F2-86EBC47B9FC6}
		{D180C9E8-B490-4EAF-A921-2DA2A6741670} = {F2A1CFAA-B46F-4699-93F2-86EBC47B9FC6}
		{E5B751ED-FE1C-4563-BE5F-97C8D07DD3B0} = {F2A1CFAA-B46F-4699-93F2-86EBC47B9FC6}
		{9C116F78-38B1-4019-938A-5D7CF9764F6E} = {F2A1CFAA-B46F-4699-93F2-86EBC47B9FC6}
		{789778E6-FF19-4648-ABD2-FCCD05F1FFB6} = {F2A1CFAA-B46F-4699-93F2-86EBC47B9FC6}
		{34BB014E-AB10-4EDC-BF46-A963B431CC06} = {F2A1CFAA-B46F-4699-93F2-86EBC47B9FC6}
		{1A4E915A-B4DF-4176-9D9D-01CA99AD3828} = {F2A1CFAA-B46F-4699-93F2-86EBC47B9FC6}
		{28A96CFE-3804-4590-9678-506F6F50A933} = {F2A1CFAA-B46F-4699-93F2-86EBC47B9FC6}
		{469C3E01-D1A3-4FD8-82B3-1C4567AEA328} = {F2A1CFAA-B46F-4699-93F2-86EBC47B9FC6}
		{1AFD317C-1BA5-437A-BEA2-ACBB1F67C303} = {F2A1CFAA-B46F-4699-93F2-86EBC47B9FC6}
		{11AE99C3-35B7-41EA-A0C5-7B893FF0DBF9} = {F2A1CFAA-B46F-4699-93F2-86EBC47B9FC6}
		{CA68286C-AB0F-4923-B867-58409A6B3A91} = {F2A1CFAA-B46F-4699-93F2-86EBC47B9FC6}
		{C7629F11-ED79-467F-A387-4645134399BF} = {F2A1CFAA-B46F-4699-93F2-86EBC47B9FC6}
		{E7E3A81D-B16A-48EE-AF03-0E10F589AD06} = {F2A1CFAA-B46F-4699-93F2-86EBC47B9FC6}
		{E705C307-15D8-4E20-A9D1-92EF1636460C} = {F2A1CFAA-B46F-4699-93F2-86EBC47B9FC6}
		{01D0BCF2-5B0C-4342-A23F-E3185CBCFD17} = {F2A1CFAA-B46F-4699-93F2-86EBC47B9FC6}
		{CF984CD8-6BBA-4BCC-8494-8670113B2E2F} = {3B60DE99-C01E-4F3A-8449-9A2DBB6A947F}
	EndGlobalSection
	GlobalSection(ExtensibilityGlobals) = postSolution
		SolutionGuid = {CE939414-356E-451D-92B5-5D4F43A2E771}
	EndGlobalSection
EndGlobal
